Microsoft Visual Studio Solution File, Format Version 12.00
# Visual Studio Version 16
VisualStudioVersion = 16.0.0.0
MinimumVisualStudioVersion = 16.0.0.0
Project("{9A19103F-16F7-4668-BE54-9A1E7A4F7556}") = "rpirobot-control.Server", "Server\rpirobot-control.Server.csproj", "{2F1A88E0-3809-447F-B297-9F616EA6BC61}"
EndProject
Project("{9A19103F-16F7-4668-BE54-9A1E7A4F7556}") = "rpirobot-control.Client", "Client\rpirobot-control.Client.csproj", "{9C45C752-F69C-461A-98CB-1813B6ACC2B4}"
EndProject
Project("{9A19103F-16F7-4668-BE54-9A1E7A4F7556}") = "rpirobot-control.Shared", "Shared\rpirobot-control.Shared.csproj", "{C9B044FF-D219-4017-AA88-388532E3B728}"
EndProject
Global
	GlobalSection(SolutionConfigurationPlatforms) = preSolution
		Debug|Any CPU = Debug|Any CPU
		Debug|x64 = Debug|x64
		Debug|x86 = Debug|x86
		Release|Any CPU = Release|Any CPU
		Release|x64 = Release|x64
		Release|x86 = Release|x86
	EndGlobalSection
	GlobalSection(ProjectConfigurationPlatforms) = postSolution
		{2F1A88E0-3809-447F-B297-9F616EA6BC61}.Debug|Any CPU.ActiveCfg = Debug|Any CPU
		{2F1A88E0-3809-447F-B297-9F616EA6BC61}.Debug|Any CPU.Build.0 = Debug|Any CPU
		{2F1A88E0-3809-447F-B297-9F616EA6BC61}.Debug|x64.ActiveCfg = Debug|Any CPU
		{2F1A88E0-3809-447F-B297-9F616EA6BC61}.Debug|x64.Build.0 = Debug|Any CPU
		{2F1A88E0-3809-447F-B297-9F616EA6BC61}.Debug|x86.ActiveCfg = Debug|Any CPU
		{2F1A88E0-3809-447F-B297-9F616EA6BC61}.Debug|x86.Build.0 = Debug|Any CPU
		{2F1A88E0-3809-447F-B297-9F616EA6BC61}.Release|Any CPU.ActiveCfg = Release|Any CPU
		{2F1A88E0-3809-447F-B297-9F616EA6BC61}.Release|Any CPU.Build.0 = Release|Any CPU
		{2F1A88E0-3809-447F-B297-9F616EA6BC61}.Release|x64.ActiveCfg = Release|Any CPU
		{2F1A88E0-3809-447F-B297-9F616EA6BC61}.Release|x64.Build.0 = Release|Any CPU
		{2F1A88E0-3809-447F-B297-9F616EA6BC61}.Release|x86.ActiveCfg = Release|Any CPU
		{2F1A88E0-3809-447F-B297-9F616EA6BC61}.Release|x86.Build.0 = Release|Any CPU
		{9C45C752-F69C-461A-98CB-1813B6ACC2B4}.Debug|Any CPU.ActiveCfg = Debug|Any CPU
		{9C45C752-F69C-461A-98CB-1813B6ACC2B4}.Debug|Any CPU.Build.0 = Debug|Any CPU
		{9C45C752-F69C-461A-98CB-1813B6ACC2B4}.Debug|x64.ActiveCfg = Debug|Any CPU
		{9C45C752-F69C-461A-98CB-1813B6ACC2B4}.Debug|x64.Build.0 = Debug|Any CPU
		{9C45C752-F69C-461A-98CB-1813B6ACC2B4}.Debug|x86.ActiveCfg = Debug|Any CPU
		{9C45C752-F69C-461A-98CB-1813B6ACC2B4}.Debug|x86.Build.0 = Debug|Any CPU
		{9C45C752-F69C-461A-98CB-1813B6ACC2B4}.Release|Any CPU.ActiveCfg = Release|Any CPU
		{9C45C752-F69C-461A-98CB-1813B6ACC2B4}.Release|Any CPU.Build.0 = Release|Any CPU
		{9C45C752-F69C-461A-98CB-1813B6ACC2B4}.Release|x64.ActiveCfg = Release|Any CPU
		{9C45C752-F69C-461A-98CB-1813B6ACC2B4}.Release|x64.Build.0 = Release|Any CPU
		{9C45C752-F69C-461A-98CB-1813B6ACC2B4}.Release|x86.ActiveCfg = Release|Any CPU
		{9C45C752-F69C-461A-98CB-1813B6ACC2B4}.Release|x86.Build.0 = Release|Any CPU
		{C9B044FF-D219-4017-AA88-388532E3B728}.Debug|Any CPU.ActiveCfg = Debug|Any CPU
		{C9B044FF-D219-4017-AA88-388532E3B728}.Debug|Any CPU.Build.0 = Debug|Any CPU
		{C9B044FF-D219-4017-AA88-388532E3B728}.Debug|x64.ActiveCfg = Debug|Any CPU
		{C9B044FF-D219-4017-AA88-388532E3B728}.Debug|x64.Build.0 = Debug|Any CPU
		{C9B044FF-D219-4017-AA88-388532E3B728}.Debug|x86.ActiveCfg = Debug|Any CPU
		{C9B044FF-D219-4017-AA88-388532E3B728}.Debug|x86.Build.0 = Debug|Any CPU
		{C9B044FF-D219-4017-AA88-388532E3B728}.Release|Any CPU.ActiveCfg = Release|Any CPU
		{C9B044FF-D219-4017-AA88-388532E3B728}.Release|Any CPU.Build.0 = Release|Any CPU
		{C9B044FF-D219-4017-AA88-388532E3B728}.Release|x64.ActiveCfg = Release|Any CPU
		{C9B044FF-D219-4017-AA88-388532E3B728}.Release|x64.Build.0 = Release|Any CPU
		{C9B044FF-D219-4017-AA88-388532E3B728}.Release|x86.ActiveCfg = Release|Any CPU
		{C9B044FF-D219-4017-AA88-388532E3B728}.Release|x86.Build.0 = Release|Any CPU
	EndGlobalSection
	GlobalSection(SolutionProperties) = preSolution
		HideSolutionNode = FALSE
	EndGlobalSection
	GlobalSection(ExtensibilityGlobals) = postSolution
		SolutionGuid = {2C704E6C-DFE9-4167-A3DC-916E4520DFD7}
	EndGlobalSection
EndGlobal
