Microsoft Visual Studio Solution File, Format Version 12.00
# Visual Studio Version 16
VisualStudioVersion = 16.0.29920.165
MinimumVisualStudioVersion = 15.0.26124.0
Project("{D954291E-2A0B-460D-934E-DC6B0785DB48}") = "uno_project.Shared", "uno_project.Shared\uno_project.Shared.shproj", "{6279C845-92F8-4333-AB99-3D213163593C}"
EndProject
Project("{FAE04EC0-301F-11D3-BF4B-00C04F79EFBC}") = "uno_project.Droid", "uno_project.Droid\uno_project.Droid.csproj", "{EA849D92-8EBD-4083-8223-85A313DBD008}"
EndProject
Project("{FAE04EC0-301F-11D3-BF4B-00C04F79EFBC}") = "uno_project.iOS", "uno_project.iOS\uno_project.iOS.csproj", "{1AEF9629-37B8-40B0-9318-3C7F07A764B1}"
EndProject
Project("{FAE04EC0-301F-11D3-BF4B-00C04F79EFBC}") = "uno_project.Uwp", "uno_project.UWP\uno_project.Uwp.csproj", "{0314303F-7533-4781-A969-B66EFDBD52AC}"
EndProject
Project("{9A19103F-16F7-4668-BE54-9A1E7A4F7556}") = "uno_project.Wasm", "uno_project.Wasm\uno_project.Wasm.csproj", "{40EA03F7-8A22-4143-B251-79BAC3EB13D2}"
EndProject
Project("{FAE04EC0-301F-11D3-BF4B-00C04F79EFBC}") = "uno_project.macOS", "uno_project.macOS\uno_project.macOS.csproj", "{94AD54B5-1DFB-4A5F-8732-206BE596E8D4}"
EndProject
Project("{9A19103F-16F7-4668-BE54-9A1E7A4F7556}") = "uno_project.Skia.Gtk", "uno_project.Skia.Gtk\uno_project.Skia.Gtk.csproj", "{A5B8155A-118F-4794-B551-C6F3CF7E5411}"
EndProject
Project("{9A19103F-16F7-4668-BE54-9A1E7A4F7556}") = "uno_project.Skia.WPF", "uno_project.Skia.WPF\uno_project.Skia.WPF.csproj", "{EC63FA47-39E2-4251-9EEF-A103C7950190}"
EndProject
Project("{9A19103F-16F7-4668-BE54-9A1E7A4F7556}") = "uno_project.Skia.Wpf.Host", "uno_project.Skia.WPF.Host\uno_project.Skia.Wpf.Host.csproj", "{6CF284A4-22B1-4F05-97F4-F095C07A598E}"
EndProject
Project("{9A19103F-16F7-4668-BE54-9A1E7A4F7556}") = "uno_project.Skia.Tizen", "uno_project.Skia.Tizen\uno_project.Skia.Tizen.csproj", "{9AED22A6-77DC-4799-BAE7-5F26F2070BD2}"
EndProject
Global
	GlobalSection(SharedMSBuildProjectFiles) = preSolution
		uno_project.Shared\uno_project.Shared.projitems*{0314303f-7533-4781-a969-b66efdbd52ac}*SharedItemsImports = 4
		uno_project.Shared\uno_project.Shared.projitems*{1aef9629-37b8-40b0-9318-3c7f07a764b1}*SharedItemsImports = 4
		uno_project.Shared\uno_project.Shared.projitems*{40ea03f7-8a22-4143-b251-79bac3eb13d2}*SharedItemsImports = 5
		uno_project.Shared\uno_project.Shared.projitems*{6279c845-92f8-4333-ab99-3d213163593c}*SharedItemsImports = 13
		uno_project.Shared\uno_project.Shared.projitems*{94ad54b5-1dfb-4a5f-8732-206be596e8d4}*SharedItemsImports = 4
		uno_project.Shared\uno_project.Shared.projitems*{9aed22a6-77dc-4799-bae7-5f26f2070bd2}*SharedItemsImports = 5
		uno_project.Shared\uno_project.Shared.projitems*{a5b8155a-118f-4794-b551-c6f3cf7e5411}*SharedItemsImports = 5
		uno_project.Shared\uno_project.Shared.projitems*{ea849d92-8ebd-4083-8223-85a313dbd008}*SharedItemsImports = 4
		uno_project.Shared\uno_project.Shared.projitems*{ec63fa47-39e2-4251-9eef-a103c7950190}*SharedItemsImports = 5
	EndGlobalSection
	GlobalSection(SolutionConfigurationPlatforms) = preSolution
		Debug|Any CPU = Debug|Any CPU
		Debug|ARM = Debug|ARM
		Debug|ARM64 = Debug|ARM64
		Debug|iPhone = Debug|iPhone
		Debug|iPhoneSimulator = Debug|iPhoneSimulator
		Debug|x64 = Debug|x64
		Debug|x86 = Debug|x86
		Release|Any CPU = Release|Any CPU
		Release|ARM = Release|ARM
		Release|ARM64 = Release|ARM64
		Release|iPhone = Release|iPhone
		Release|iPhoneSimulator = Release|iPhoneSimulator
		Release|x64 = Release|x64
		Release|x86 = Release|x86
	EndGlobalSection
	GlobalSection(ProjectConfigurationPlatforms) = postSolution
		{EA849D92-8EBD-4083-8223-85A313DBD008}.Debug|Any CPU.ActiveCfg = Debug|Any CPU
		{EA849D92-8EBD-4083-8223-85A313DBD008}.Debug|Any CPU.Build.0 = Debug|Any CPU
		{EA849D92-8EBD-4083-8223-85A313DBD008}.Debug|Any CPU.Deploy.0 = Debug|Any CPU
		{EA849D92-8EBD-4083-8223-85A313DBD008}.Debug|ARM.ActiveCfg = Debug|Any CPU
		{EA849D92-8EBD-4083-8223-85A313DBD008}.Debug|ARM.Build.0 = Debug|Any CPU
		{EA849D92-8EBD-4083-8223-85A313DBD008}.Debug|ARM.Deploy.0 = Debug|Any CPU
		{EA849D92-8EBD-4083-8223-85A313DBD008}.Debug|ARM64.ActiveCfg = Debug|Any CPU
		{EA849D92-8EBD-4083-8223-85A313DBD008}.Debug|ARM64.Build.0 = Debug|Any CPU
		{EA849D92-8EBD-4083-8223-85A313DBD008}.Debug|ARM64.Deploy.0 = Debug|Any CPU
		{EA849D92-8EBD-4083-8223-85A313DBD008}.Debug|iPhone.ActiveCfg = Debug|Any CPU
		{EA849D92-8EBD-4083-8223-85A313DBD008}.Debug|iPhone.Build.0 = Debug|Any CPU
		{EA849D92-8EBD-4083-8223-85A313DBD008}.Debug|iPhone.Deploy.0 = Debug|Any CPU
		{EA849D92-8EBD-4083-8223-85A313DBD008}.Debug|iPhoneSimulator.ActiveCfg = Debug|Any CPU
		{EA849D92-8EBD-4083-8223-85A313DBD008}.Debug|iPhoneSimulator.Build.0 = Debug|Any CPU
		{EA849D92-8EBD-4083-8223-85A313DBD008}.Debug|iPhoneSimulator.Deploy.0 = Debug|Any CPU
		{EA849D92-8EBD-4083-8223-85A313DBD008}.Debug|x64.ActiveCfg = Debug|Any CPU
		{EA849D92-8EBD-4083-8223-85A313DBD008}.Debug|x64.Build.0 = Debug|Any CPU
		{EA849D92-8EBD-4083-8223-85A313DBD008}.Debug|x64.Deploy.0 = Debug|Any CPU
		{EA849D92-8EBD-4083-8223-85A313DBD008}.Debug|x86.ActiveCfg = Debug|Any CPU
		{EA849D92-8EBD-4083-8223-85A313DBD008}.Debug|x86.Build.0 = Debug|Any CPU
		{EA849D92-8EBD-4083-8223-85A313DBD008}.Debug|x86.Deploy.0 = Debug|Any CPU
		{EA849D92-8EBD-4083-8223-85A313DBD008}.Release|Any CPU.ActiveCfg = Release|Any CPU
		{EA849D92-8EBD-4083-8223-85A313DBD008}.Release|Any CPU.Build.0 = Release|Any CPU
		{EA849D92-8EBD-4083-8223-85A313DBD008}.Release|Any CPU.Deploy.0 = Release|Any CPU
		{EA849D92-8EBD-4083-8223-85A313DBD008}.Release|ARM.ActiveCfg = Release|Any CPU
		{EA849D92-8EBD-4083-8223-85A313DBD008}.Release|ARM.Build.0 = Release|Any CPU
		{EA849D92-8EBD-4083-8223-85A313DBD008}.Release|ARM.Deploy.0 = Release|Any CPU
		{EA849D92-8EBD-4083-8223-85A313DBD008}.Release|ARM64.ActiveCfg = Release|Any CPU
		{EA849D92-8EBD-4083-8223-85A313DBD008}.Release|ARM64.Build.0 = Release|Any CPU
		{EA849D92-8EBD-4083-8223-85A313DBD008}.Release|ARM64.Deploy.0 = Release|Any CPU
		{EA849D92-8EBD-4083-8223-85A313DBD008}.Release|iPhone.ActiveCfg = Release|Any CPU
		{EA849D92-8EBD-4083-8223-85A313DBD008}.Release|iPhone.Build.0 = Release|Any CPU
		{EA849D92-8EBD-4083-8223-85A313DBD008}.Release|iPhone.Deploy.0 = Release|Any CPU
		{EA849D92-8EBD-4083-8223-85A313DBD008}.Release|iPhoneSimulator.ActiveCfg = Release|Any CPU
		{EA849D92-8EBD-4083-8223-85A313DBD008}.Release|iPhoneSimulator.Build.0 = Release|Any CPU
		{EA849D92-8EBD-4083-8223-85A313DBD008}.Release|iPhoneSimulator.Deploy.0 = Release|Any CPU
		{EA849D92-8EBD-4083-8223-85A313DBD008}.Release|x64.ActiveCfg = Release|Any CPU
		{EA849D92-8EBD-4083-8223-85A313DBD008}.Release|x64.Build.0 = Release|Any CPU
		{EA849D92-8EBD-4083-8223-85A313DBD008}.Release|x64.Deploy.0 = Release|Any CPU
		{EA849D92-8EBD-4083-8223-85A313DBD008}.Release|x86.ActiveCfg = Release|Any CPU
		{EA849D92-8EBD-4083-8223-85A313DBD008}.Release|x86.Build.0 = Release|Any CPU
		{EA849D92-8EBD-4083-8223-85A313DBD008}.Release|x86.Deploy.0 = Release|Any CPU
		{1AEF9629-37B8-40B0-9318-3C7F07A764B1}.Debug|Any CPU.ActiveCfg = Debug|iPhone
		{1AEF9629-37B8-40B0-9318-3C7F07A764B1}.Debug|Any CPU.Build.0 = Debug|iPhone
		{1AEF9629-37B8-40B0-9318-3C7F07A764B1}.Debug|Any CPU.Deploy.0 = Debug|iPhone
		{1AEF9629-37B8-40B0-9318-3C7F07A764B1}.Debug|ARM.ActiveCfg = Debug|iPhone
		{1AEF9629-37B8-40B0-9318-3C7F07A764B1}.Debug|ARM64.ActiveCfg = Debug|iPhone
		{1AEF9629-37B8-40B0-9318-3C7F07A764B1}.Debug|iPhone.ActiveCfg = Debug|iPhone
		{1AEF9629-37B8-40B0-9318-3C7F07A764B1}.Debug|iPhone.Build.0 = Debug|iPhone
		{1AEF9629-37B8-40B0-9318-3C7F07A764B1}.Debug|iPhoneSimulator.ActiveCfg = Debug|iPhoneSimulator
		{1AEF9629-37B8-40B0-9318-3C7F07A764B1}.Debug|iPhoneSimulator.Build.0 = Debug|iPhoneSimulator
		{1AEF9629-37B8-40B0-9318-3C7F07A764B1}.Debug|x64.ActiveCfg = Debug|iPhone
		{1AEF9629-37B8-40B0-9318-3C7F07A764B1}.Debug|x64.Build.0 = Debug|iPhone
		{1AEF9629-37B8-40B0-9318-3C7F07A764B1}.Debug|x64.Deploy.0 = Debug|iPhone
		{1AEF9629-37B8-40B0-9318-3C7F07A764B1}.Debug|x86.ActiveCfg = Debug|iPhoneSimulator
		{1AEF9629-37B8-40B0-9318-3C7F07A764B1}.Debug|x86.Build.0 = Debug|iPhoneSimulator
		{1AEF9629-37B8-40B0-9318-3C7F07A764B1}.Debug|x86.Deploy.0 = Debug|iPhoneSimulator
		{1AEF9629-37B8-40B0-9318-3C7F07A764B1}.Release|Any CPU.ActiveCfg = Release|iPhone
		{1AEF9629-37B8-40B0-9318-3C7F07A764B1}.Release|ARM.ActiveCfg = Release|iPhone
		{1AEF9629-37B8-40B0-9318-3C7F07A764B1}.Release|ARM64.ActiveCfg = Release|iPhone
		{1AEF9629-37B8-40B0-9318-3C7F07A764B1}.Release|iPhone.ActiveCfg = Release|iPhone
		{1AEF9629-37B8-40B0-9318-3C7F07A764B1}.Release|iPhone.Build.0 = Release|iPhone
		{1AEF9629-37B8-40B0-9318-3C7F07A764B1}.Release|iPhoneSimulator.ActiveCfg = Release|iPhoneSimulator
		{1AEF9629-37B8-40B0-9318-3C7F07A764B1}.Release|iPhoneSimulator.Build.0 = Release|iPhoneSimulator
		{1AEF9629-37B8-40B0-9318-3C7F07A764B1}.Release|x64.ActiveCfg = Release|iPhoneSimulator
		{1AEF9629-37B8-40B0-9318-3C7F07A764B1}.Release|x64.Build.0 = Release|iPhoneSimulator
		{1AEF9629-37B8-40B0-9318-3C7F07A764B1}.Release|x64.Deploy.0 = Release|iPhoneSimulator
		{1AEF9629-37B8-40B0-9318-3C7F07A764B1}.Release|x86.ActiveCfg = Release|iPhoneSimulator
		{1AEF9629-37B8-40B0-9318-3C7F07A764B1}.Release|x86.Build.0 = Release|iPhoneSimulator
		{0314303F-7533-4781-A969-B66EFDBD52AC}.Debug|Any CPU.ActiveCfg = Debug|x86
		{0314303F-7533-4781-A969-B66EFDBD52AC}.Debug|Any CPU.Build.0 = Debug|x86
		{0314303F-7533-4781-A969-B66EFDBD52AC}.Debug|Any CPU.Deploy.0 = Debug|x86
		{0314303F-7533-4781-A969-B66EFDBD52AC}.Debug|ARM.ActiveCfg = Debug|ARM
		{0314303F-7533-4781-A969-B66EFDBD52AC}.Debug|ARM.Build.0 = Debug|ARM
		{0314303F-7533-4781-A969-B66EFDBD52AC}.Debug|ARM.Deploy.0 = Debug|ARM
		{0314303F-7533-4781-A969-B66EFDBD52AC}.Debug|ARM64.ActiveCfg = Debug|ARM64
		{0314303F-7533-4781-A969-B66EFDBD52AC}.Debug|ARM64.Build.0 = Debug|ARM64
		{0314303F-7533-4781-A969-B66EFDBD52AC}.Debug|ARM64.Deploy.0 = Debug|ARM64
		{0314303F-7533-4781-A969-B66EFDBD52AC}.Debug|iPhone.ActiveCfg = Debug|x86
		{0314303F-7533-4781-A969-B66EFDBD52AC}.Debug|iPhone.Build.0 = Debug|x86
		{0314303F-7533-4781-A969-B66EFDBD52AC}.Debug|iPhone.Deploy.0 = Debug|x86
		{0314303F-7533-4781-A969-B66EFDBD52AC}.Debug|iPhoneSimulator.ActiveCfg = Debug|x86
		{0314303F-7533-4781-A969-B66EFDBD52AC}.Debug|iPhoneSimulator.Build.0 = Debug|x86
		{0314303F-7533-4781-A969-B66EFDBD52AC}.Debug|iPhoneSimulator.Deploy.0 = Debug|x86
		{0314303F-7533-4781-A969-B66EFDBD52AC}.Debug|x64.ActiveCfg = Debug|x64
		{0314303F-7533-4781-A969-B66EFDBD52AC}.Debug|x64.Build.0 = Debug|x64
		{0314303F-7533-4781-A969-B66EFDBD52AC}.Debug|x64.Deploy.0 = Debug|x64
		{0314303F-7533-4781-A969-B66EFDBD52AC}.Debug|x86.ActiveCfg = Debug|x86
		{0314303F-7533-4781-A969-B66EFDBD52AC}.Debug|x86.Build.0 = Debug|x86
		{0314303F-7533-4781-A969-B66EFDBD52AC}.Debug|x86.Deploy.0 = Debug|x86
		{0314303F-7533-4781-A969-B66EFDBD52AC}.Release|Any CPU.ActiveCfg = Release|x86
		{0314303F-7533-4781-A969-B66EFDBD52AC}.Release|ARM.ActiveCfg = Release|ARM
		{0314303F-7533-4781-A969-B66EFDBD52AC}.Release|ARM.Build.0 = Release|ARM
		{0314303F-7533-4781-A969-B66EFDBD52AC}.Release|ARM.Deploy.0 = Release|ARM
		{0314303F-7533-4781-A969-B66EFDBD52AC}.Release|ARM64.ActiveCfg = Release|ARM64
		{0314303F-7533-4781-A969-B66EFDBD52AC}.Release|ARM64.Build.0 = Release|ARM64
		{0314303F-7533-4781-A969-B66EFDBD52AC}.Release|ARM64.Deploy.0 = Release|ARM64
		{0314303F-7533-4781-A969-B66EFDBD52AC}.Release|iPhone.ActiveCfg = Release|x86
		{0314303F-7533-4781-A969-B66EFDBD52AC}.Release|iPhone.Build.0 = Release|x86
		{0314303F-7533-4781-A969-B66EFDBD52AC}.Release|iPhoneSimulator.ActiveCfg = Release|x86
		{0314303F-7533-4781-A969-B66EFDBD52AC}.Release|iPhoneSimulator.Build.0 = Release|x86
		{0314303F-7533-4781-A969-B66EFDBD52AC}.Release|iPhoneSimulator.Deploy.0 = Release|x86
		{0314303F-7533-4781-A969-B66EFDBD52AC}.Release|x64.ActiveCfg = Release|x64
		{0314303F-7533-4781-A969-B66EFDBD52AC}.Release|x64.Build.0 = Release|x64
		{0314303F-7533-4781-A969-B66EFDBD52AC}.Release|x64.Deploy.0 = Release|x64
		{0314303F-7533-4781-A969-B66EFDBD52AC}.Release|x86.ActiveCfg = Release|x86
		{0314303F-7533-4781-A969-B66EFDBD52AC}.Release|x86.Build.0 = Release|x86
		{0314303F-7533-4781-A969-B66EFDBD52AC}.Release|x86.Deploy.0 = Release|x86
		{40EA03F7-8A22-4143-B251-79BAC3EB13D2}.Debug|Any CPU.ActiveCfg = Debug|Any CPU
		{40EA03F7-8A22-4143-B251-79BAC3EB13D2}.Debug|Any CPU.Build.0 = Debug|Any CPU
		{40EA03F7-8A22-4143-B251-79BAC3EB13D2}.Debug|ARM.ActiveCfg = Debug|Any CPU
		{40EA03F7-8A22-4143-B251-79BAC3EB13D2}.Debug|ARM.Build.0 = Debug|Any CPU
		{40EA03F7-8A22-4143-B251-79BAC3EB13D2}.Debug|ARM64.ActiveCfg = Debug|Any CPU
		{40EA03F7-8A22-4143-B251-79BAC3EB13D2}.Debug|ARM64.Build.0 = Debug|Any CPU
		{40EA03F7-8A22-4143-B251-79BAC3EB13D2}.Debug|iPhone.ActiveCfg = Debug|Any CPU
		{40EA03F7-8A22-4143-B251-79BAC3EB13D2}.Debug|iPhone.Build.0 = Debug|Any CPU
		{40EA03F7-8A22-4143-B251-79BAC3EB13D2}.Debug|iPhoneSimulator.ActiveCfg = Debug|Any CPU
		{40EA03F7-8A22-4143-B251-79BAC3EB13D2}.Debug|iPhoneSimulator.Build.0 = Debug|Any CPU
		{40EA03F7-8A22-4143-B251-79BAC3EB13D2}.Debug|x64.ActiveCfg = Debug|Any CPU
		{40EA03F7-8A22-4143-B251-79BAC3EB13D2}.Debug|x64.Build.0 = Debug|Any CPU
		{40EA03F7-8A22-4143-B251-79BAC3EB13D2}.Debug|x86.ActiveCfg = Debug|Any CPU
		{40EA03F7-8A22-4143-B251-79BAC3EB13D2}.Debug|x86.Build.0 = Debug|Any CPU
		{40EA03F7-8A22-4143-B251-79BAC3EB13D2}.Release|Any CPU.ActiveCfg = Release|Any CPU
		{40EA03F7-8A22-4143-B251-79BAC3EB13D2}.Release|Any CPU.Build.0 = Release|Any CPU
		{40EA03F7-8A22-4143-B251-79BAC3EB13D2}.Release|ARM.ActiveCfg = Release|Any CPU
		{40EA03F7-8A22-4143-B251-79BAC3EB13D2}.Release|ARM.Build.0 = Release|Any CPU
		{40EA03F7-8A22-4143-B251-79BAC3EB13D2}.Release|ARM64.ActiveCfg = Release|Any CPU
		{40EA03F7-8A22-4143-B251-79BAC3EB13D2}.Release|ARM64.Build.0 = Release|Any CPU
		{40EA03F7-8A22-4143-B251-79BAC3EB13D2}.Release|iPhone.ActiveCfg = Release|Any CPU
		{40EA03F7-8A22-4143-B251-79BAC3EB13D2}.Release|iPhone.Build.0 = Release|Any CPU
		{40EA03F7-8A22-4143-B251-79BAC3EB13D2}.Release|iPhoneSimulator.ActiveCfg = Release|Any CPU
		{40EA03F7-8A22-4143-B251-79BAC3EB13D2}.Release|iPhoneSimulator.Build.0 = Release|Any CPU
		{40EA03F7-8A22-4143-B251-79BAC3EB13D2}.Release|x64.ActiveCfg = Release|Any CPU
		{40EA03F7-8A22-4143-B251-79BAC3EB13D2}.Release|x64.Build.0 = Release|Any CPU
		{40EA03F7-8A22-4143-B251-79BAC3EB13D2}.Release|x86.ActiveCfg = Release|Any CPU
		{40EA03F7-8A22-4143-B251-79BAC3EB13D2}.Release|x86.Build.0 = Release|Any CPU
		{94AD54B5-1DFB-4A5F-8732-206BE596E8D4}.Debug|Any CPU.ActiveCfg = Debug|iPhoneSimulator
		{94AD54B5-1DFB-4A5F-8732-206BE596E8D4}.Debug|Any CPU.Build.0 = Debug|iPhoneSimulator
		{94AD54B5-1DFB-4A5F-8732-206BE596E8D4}.Debug|ARM.ActiveCfg = Debug|iPhoneSimulator
		{94AD54B5-1DFB-4A5F-8732-206BE596E8D4}.Debug|ARM64.ActiveCfg = Debug|iPhoneSimulator
		{94AD54B5-1DFB-4A5F-8732-206BE596E8D4}.Debug|iPhone.ActiveCfg = Debug|iPhoneSimulator
		{94AD54B5-1DFB-4A5F-8732-206BE596E8D4}.Debug|iPhone.Build.0 = Debug|iPhoneSimulator
		{94AD54B5-1DFB-4A5F-8732-206BE596E8D4}.Debug|iPhoneSimulator.ActiveCfg = Debug|iPhoneSimulator
		{94AD54B5-1DFB-4A5F-8732-206BE596E8D4}.Debug|iPhoneSimulator.Build.0 = Debug|iPhoneSimulator
		{94AD54B5-1DFB-4A5F-8732-206BE596E8D4}.Debug|x64.ActiveCfg = Debug|iPhoneSimulator
		{94AD54B5-1DFB-4A5F-8732-206BE596E8D4}.Debug|x64.Build.0 = Debug|iPhoneSimulator
		{94AD54B5-1DFB-4A5F-8732-206BE596E8D4}.Debug|x86.ActiveCfg = Debug|iPhoneSimulator
		{94AD54B5-1DFB-4A5F-8732-206BE596E8D4}.Debug|x86.Build.0 = Debug|iPhoneSimulator
		{94AD54B5-1DFB-4A5F-8732-206BE596E8D4}.Release|Any CPU.ActiveCfg = Release|iPhoneSimulator
		{94AD54B5-1DFB-4A5F-8732-206BE596E8D4}.Release|ARM.ActiveCfg = Release|iPhoneSimulator
		{94AD54B5-1DFB-4A5F-8732-206BE596E8D4}.Release|ARM64.ActiveCfg = Release|iPhoneSimulator
		{94AD54B5-1DFB-4A5F-8732-206BE596E8D4}.Release|iPhone.ActiveCfg = Release|iPhoneSimulator
		{94AD54B5-1DFB-4A5F-8732-206BE596E8D4}.Release|iPhone.Build.0 = Release|iPhoneSimulator
		{94AD54B5-1DFB-4A5F-8732-206BE596E8D4}.Release|iPhoneSimulator.ActiveCfg = Release|iPhoneSimulator
		{94AD54B5-1DFB-4A5F-8732-206BE596E8D4}.Release|iPhoneSimulator.Build.0 = Release|iPhoneSimulator
		{94AD54B5-1DFB-4A5F-8732-206BE596E8D4}.Release|x64.ActiveCfg = Release|iPhoneSimulator
		{94AD54B5-1DFB-4A5F-8732-206BE596E8D4}.Release|x64.Build.0 = Release|iPhoneSimulator
		{94AD54B5-1DFB-4A5F-8732-206BE596E8D4}.Release|x86.ActiveCfg = Release|iPhoneSimulator
		{94AD54B5-1DFB-4A5F-8732-206BE596E8D4}.Release|x86.Build.0 = Release|iPhoneSimulator
		{A5B8155A-118F-4794-B551-C6F3CF7E5411}.Debug|Any CPU.ActiveCfg = Debug|Any CPU
		{A5B8155A-118F-4794-B551-C6F3CF7E5411}.Debug|Any CPU.Build.0 = Debug|Any CPU
		{A5B8155A-118F-4794-B551-C6F3CF7E5411}.Debug|ARM.ActiveCfg = Debug|Any CPU
		{A5B8155A-118F-4794-B551-C6F3CF7E5411}.Debug|ARM.Build.0 = Debug|Any CPU
		{A5B8155A-118F-4794-B551-C6F3CF7E5411}.Debug|ARM64.ActiveCfg = Debug|Any CPU
		{A5B8155A-118F-4794-B551-C6F3CF7E5411}.Debug|ARM64.Build.0 = Debug|Any CPU
		{A5B8155A-118F-4794-B551-C6F3CF7E5411}.Debug|iPhone.ActiveCfg = Debug|Any CPU
		{A5B8155A-118F-4794-B551-C6F3CF7E5411}.Debug|iPhone.Build.0 = Debug|Any CPU
		{A5B8155A-118F-4794-B551-C6F3CF7E5411}.Debug|iPhoneSimulator.ActiveCfg = Debug|Any CPU
		{A5B8155A-118F-4794-B551-C6F3CF7E5411}.Debug|iPhoneSimulator.Build.0 = Debug|Any CPU
		{A5B8155A-118F-4794-B551-C6F3CF7E5411}.Debug|x64.ActiveCfg = Debug|Any CPU
		{A5B8155A-118F-4794-B551-C6F3CF7E5411}.Debug|x64.Build.0 = Debug|Any CPU
		{A5B8155A-118F-4794-B551-C6F3CF7E5411}.Debug|x86.ActiveCfg = Debug|Any CPU
		{A5B8155A-118F-4794-B551-C6F3CF7E5411}.Debug|x86.Build.0 = Debug|Any CPU
		{A5B8155A-118F-4794-B551-C6F3CF7E5411}.Release|Any CPU.ActiveCfg = Release|Any CPU
		{A5B8155A-118F-4794-B551-C6F3CF7E5411}.Release|Any CPU.Build.0 = Release|Any CPU
		{A5B8155A-118F-4794-B551-C6F3CF7E5411}.Release|ARM.ActiveCfg = Release|Any CPU
		{A5B8155A-118F-4794-B551-C6F3CF7E5411}.Release|ARM.Build.0 = Release|Any CPU
		{A5B8155A-118F-4794-B551-C6F3CF7E5411}.Release|ARM64.ActiveCfg = Release|Any CPU
		{A5B8155A-118F-4794-B551-C6F3CF7E5411}.Release|ARM64.Build.0 = Release|Any CPU
		{A5B8155A-118F-4794-B551-C6F3CF7E5411}.Release|iPhone.ActiveCfg = Release|Any CPU
		{A5B8155A-118F-4794-B551-C6F3CF7E5411}.Release|iPhone.Build.0 = Release|Any CPU
		{A5B8155A-118F-4794-B551-C6F3CF7E5411}.Release|iPhoneSimulator.ActiveCfg = Release|Any CPU
		{A5B8155A-118F-4794-B551-C6F3CF7E5411}.Release|iPhoneSimulator.Build.0 = Release|Any CPU
		{A5B8155A-118F-4794-B551-C6F3CF7E5411}.Release|x64.ActiveCfg = Release|Any CPU
		{A5B8155A-118F-4794-B551-C6F3CF7E5411}.Release|x64.Build.0 = Release|Any CPU
		{A5B8155A-118F-4794-B551-C6F3CF7E5411}.Release|x86.ActiveCfg = Release|Any CPU
		{A5B8155A-118F-4794-B551-C6F3CF7E5411}.Release|x86.Build.0 = Release|Any CPU
		{EC63FA47-39E2-4251-9EEF-A103C7950190}.Debug|Any CPU.ActiveCfg = Debug|Any CPU
		{EC63FA47-39E2-4251-9EEF-A103C7950190}.Debug|Any CPU.Build.0 = Debug|Any CPU
		{EC63FA47-39E2-4251-9EEF-A103C7950190}.Debug|Any CPU.Deploy.0 = Debug|Any CPU
		{EC63FA47-39E2-4251-9EEF-A103C7950190}.Debug|ARM.ActiveCfg = Debug|Any CPU
		{EC63FA47-39E2-4251-9EEF-A103C7950190}.Debug|ARM.Build.0 = Debug|Any CPU
		{EC63FA47-39E2-4251-9EEF-A103C7950190}.Debug|ARM.Deploy.0 = Debug|Any CPU
		{EC63FA47-39E2-4251-9EEF-A103C7950190}.Debug|ARM64.ActiveCfg = Debug|Any CPU
		{EC63FA47-39E2-4251-9EEF-A103C7950190}.Debug|ARM64.Build.0 = Debug|Any CPU
		{EC63FA47-39E2-4251-9EEF-A103C7950190}.Debug|ARM64.Deploy.0 = Debug|Any CPU
		{EC63FA47-39E2-4251-9EEF-A103C7950190}.Debug|iPhone.ActiveCfg = Debug|Any CPU
		{EC63FA47-39E2-4251-9EEF-A103C7950190}.Debug|iPhone.Build.0 = Debug|Any CPU
		{EC63FA47-39E2-4251-9EEF-A103C7950190}.Debug|iPhone.Deploy.0 = Debug|Any CPU
		{EC63FA47-39E2-4251-9EEF-A103C7950190}.Debug|iPhoneSimulator.ActiveCfg = Debug|Any CPU
		{EC63FA47-39E2-4251-9EEF-A103C7950190}.Debug|iPhoneSimulator.Build.0 = Debug|Any CPU
		{EC63FA47-39E2-4251-9EEF-A103C7950190}.Debug|iPhoneSimulator.Deploy.0 = Debug|Any CPU
		{EC63FA47-39E2-4251-9EEF-A103C7950190}.Debug|x64.ActiveCfg = Debug|Any CPU
		{EC63FA47-39E2-4251-9EEF-A103C7950190}.Debug|x64.Build.0 = Debug|Any CPU
		{EC63FA47-39E2-4251-9EEF-A103C7950190}.Debug|x64.Deploy.0 = Debug|Any CPU
		{EC63FA47-39E2-4251-9EEF-A103C7950190}.Debug|x86.ActiveCfg = Debug|Any CPU
		{EC63FA47-39E2-4251-9EEF-A103C7950190}.Debug|x86.Build.0 = Debug|Any CPU
		{EC63FA47-39E2-4251-9EEF-A103C7950190}.Debug|x86.Deploy.0 = Debug|Any CPU
		{EC63FA47-39E2-4251-9EEF-A103C7950190}.Release|Any CPU.ActiveCfg = Release|Any CPU
		{EC63FA47-39E2-4251-9EEF-A103C7950190}.Release|Any CPU.Build.0 = Release|Any CPU
		{EC63FA47-39E2-4251-9EEF-A103C7950190}.Release|ARM.ActiveCfg = Release|Any CPU
		{EC63FA47-39E2-4251-9EEF-A103C7950190}.Release|ARM.Build.0 = Release|Any CPU
		{EC63FA47-39E2-4251-9EEF-A103C7950190}.Release|ARM.Deploy.0 = Release|Any CPU
		{EC63FA47-39E2-4251-9EEF-A103C7950190}.Release|ARM64.ActiveCfg = Release|Any CPU
		{EC63FA47-39E2-4251-9EEF-A103C7950190}.Release|ARM64.Build.0 = Release|Any CPU
		{EC63FA47-39E2-4251-9EEF-A103C7950190}.Release|ARM64.Deploy.0 = Release|Any CPU
		{EC63FA47-39E2-4251-9EEF-A103C7950190}.Release|iPhone.ActiveCfg = Release|Any CPU
		{EC63FA47-39E2-4251-9EEF-A103C7950190}.Release|iPhone.Build.0 = Release|Any CPU
		{EC63FA47-39E2-4251-9EEF-A103C7950190}.Release|iPhoneSimulator.ActiveCfg = Release|Any CPU
		{EC63FA47-39E2-4251-9EEF-A103C7950190}.Release|iPhoneSimulator.Build.0 = Release|Any CPU
		{EC63FA47-39E2-4251-9EEF-A103C7950190}.Release|iPhoneSimulator.Deploy.0 = Release|Any CPU
		{EC63FA47-39E2-4251-9EEF-A103C7950190}.Release|x64.ActiveCfg = Release|Any CPU
		{EC63FA47-39E2-4251-9EEF-A103C7950190}.Release|x64.Build.0 = Release|Any CPU
		{EC63FA47-39E2-4251-9EEF-A103C7950190}.Release|x64.Deploy.0 = Release|Any CPU
		{EC63FA47-39E2-4251-9EEF-A103C7950190}.Release|x86.ActiveCfg = Release|Any CPU
		{EC63FA47-39E2-4251-9EEF-A103C7950190}.Release|x86.Build.0 = Release|Any CPU
		{EC63FA47-39E2-4251-9EEF-A103C7950190}.Release|x86.Deploy.0 = Release|Any CPU
		{6CF284A4-22B1-4F05-97F4-F095C07A598E}.Debug|Any CPU.ActiveCfg = Debug|Any CPU
		{6CF284A4-22B1-4F05-97F4-F095C07A598E}.Debug|Any CPU.Build.0 = Debug|Any CPU
		{6CF284A4-22B1-4F05-97F4-F095C07A598E}.Debug|ARM.ActiveCfg = Debug|Any CPU
		{6CF284A4-22B1-4F05-97F4-F095C07A598E}.Debug|ARM.Build.0 = Debug|Any CPU
		{6CF284A4-22B1-4F05-97F4-F095C07A598E}.Debug|ARM64.ActiveCfg = Debug|Any CPU
		{6CF284A4-22B1-4F05-97F4-F095C07A598E}.Debug|ARM64.Build.0 = Debug|Any CPU
		{6CF284A4-22B1-4F05-97F4-F095C07A598E}.Debug|iPhone.ActiveCfg = Debug|Any CPU
		{6CF284A4-22B1-4F05-97F4-F095C07A598E}.Debug|iPhone.Build.0 = Debug|Any CPU
		{6CF284A4-22B1-4F05-97F4-F095C07A598E}.Debug|iPhoneSimulator.ActiveCfg = Debug|Any CPU
		{6CF284A4-22B1-4F05-97F4-F095C07A598E}.Debug|iPhoneSimulator.Build.0 = Debug|Any CPU
		{6CF284A4-22B1-4F05-97F4-F095C07A598E}.Debug|x64.ActiveCfg = Debug|Any CPU
		{6CF284A4-22B1-4F05-97F4-F095C07A598E}.Debug|x64.Build.0 = Debug|Any CPU
		{6CF284A4-22B1-4F05-97F4-F095C07A598E}.Debug|x86.ActiveCfg = Debug|Any CPU
		{6CF284A4-22B1-4F05-97F4-F095C07A598E}.Debug|x86.Build.0 = Debug|Any CPU
		{6CF284A4-22B1-4F05-97F4-F095C07A598E}.Release|Any CPU.ActiveCfg = Release|Any CPU
		{6CF284A4-22B1-4F05-97F4-F095C07A598E}.Release|Any CPU.Build.0 = Release|Any CPU
		{6CF284A4-22B1-4F05-97F4-F095C07A598E}.Release|ARM.ActiveCfg = Release|Any CPU
		{6CF284A4-22B1-4F05-97F4-F095C07A598E}.Release|ARM.Build.0 = Release|Any CPU
		{6CF284A4-22B1-4F05-97F4-F095C07A598E}.Release|ARM64.ActiveCfg = Release|Any CPU
		{6CF284A4-22B1-4F05-97F4-F095C07A598E}.Release|ARM64.Build.0 = Release|Any CPU
		{6CF284A4-22B1-4F05-97F4-F095C07A598E}.Release|iPhone.ActiveCfg = Release|Any CPU
		{6CF284A4-22B1-4F05-97F4-F095C07A598E}.Release|iPhone.Build.0 = Release|Any CPU
		{6CF284A4-22B1-4F05-97F4-F095C07A598E}.Release|iPhoneSimulator.ActiveCfg = Release|Any CPU
		{6CF284A4-22B1-4F05-97F4-F095C07A598E}.Release|iPhoneSimulator.Build.0 = Release|Any CPU
		{6CF284A4-22B1-4F05-97F4-F095C07A598E}.Release|x64.ActiveCfg = Release|Any CPU
		{6CF284A4-22B1-4F05-97F4-F095C07A598E}.Release|x64.Build.0 = Release|Any CPU
		{6CF284A4-22B1-4F05-97F4-F095C07A598E}.Release|x86.ActiveCfg = Release|Any CPU
		{6CF284A4-22B1-4F05-97F4-F095C07A598E}.Release|x86.Build.0 = Release|Any CPU
		{9AED22A6-77DC-4799-BAE7-5F26F2070BD2}.Debug|Any CPU.ActiveCfg = Debug|Any CPU
		{9AED22A6-77DC-4799-BAE7-5F26F2070BD2}.Debug|Any CPU.Build.0 = Debug|Any CPU
		{9AED22A6-77DC-4799-BAE7-5F26F2070BD2}.Debug|ARM.ActiveCfg = Debug|Any CPU
		{9AED22A6-77DC-4799-BAE7-5F26F2070BD2}.Debug|ARM.Build.0 = Debug|Any CPU
		{9AED22A6-77DC-4799-BAE7-5F26F2070BD2}.Debug|ARM64.ActiveCfg = Debug|Any CPU
		{9AED22A6-77DC-4799-BAE7-5F26F2070BD2}.Debug|ARM64.Build.0 = Debug|Any CPU
		{9AED22A6-77DC-4799-BAE7-5F26F2070BD2}.Debug|iPhone.ActiveCfg = Debug|Any CPU
		{9AED22A6-77DC-4799-BAE7-5F26F2070BD2}.Debug|iPhone.Build.0 = Debug|Any CPU
		{9AED22A6-77DC-4799-BAE7-5F26F2070BD2}.Debug|iPhoneSimulator.ActiveCfg = Debug|Any CPU
		{9AED22A6-77DC-4799-BAE7-5F26F2070BD2}.Debug|iPhoneSimulator.Build.0 = Debug|Any CPU
		{9AED22A6-77DC-4799-BAE7-5F26F2070BD2}.Debug|x64.ActiveCfg = Debug|Any CPU
		{9AED22A6-77DC-4799-BAE7-5F26F2070BD2}.Debug|x64.Build.0 = Debug|Any CPU
		{9AED22A6-77DC-4799-BAE7-5F26F2070BD2}.Debug|x86.ActiveCfg = Debug|Any CPU
		{9AED22A6-77DC-4799-BAE7-5F26F2070BD2}.Debug|x86.Build.0 = Debug|Any CPU
		{9AED22A6-77DC-4799-BAE7-5F26F2070BD2}.Release|Any CPU.ActiveCfg = Release|Any CPU
		{9AED22A6-77DC-4799-BAE7-5F26F2070BD2}.Release|Any CPU.Build.0 = Release|Any CPU
		{9AED22A6-77DC-4799-BAE7-5F26F2070BD2}.Release|ARM.ActiveCfg = Release|Any CPU
		{9AED22A6-77DC-4799-BAE7-5F26F2070BD2}.Release|ARM.Build.0 = Release|Any CPU
		{9AED22A6-77DC-4799-BAE7-5F26F2070BD2}.Release|ARM64.ActiveCfg = Release|Any CPU
		{9AED22A6-77DC-4799-BAE7-5F26F2070BD2}.Release|ARM64.Build.0 = Release|Any CPU
		{9AED22A6-77DC-4799-BAE7-5F26F2070BD2}.Release|iPhone.ActiveCfg = Release|Any CPU
		{9AED22A6-77DC-4799-BAE7-5F26F2070BD2}.Release|iPhone.Build.0 = Release|Any CPU
		{9AED22A6-77DC-4799-BAE7-5F26F2070BD2}.Release|iPhoneSimulator.ActiveCfg = Release|Any CPU
		{9AED22A6-77DC-4799-BAE7-5F26F2070BD2}.Release|iPhoneSimulator.Build.0 = Release|Any CPU
		{9AED22A6-77DC-4799-BAE7-5F26F2070BD2}.Release|x64.ActiveCfg = Release|Any CPU
		{9AED22A6-77DC-4799-BAE7-5F26F2070BD2}.Release|x64.Build.0 = Release|Any CPU
		{9AED22A6-77DC-4799-BAE7-5F26F2070BD2}.Release|x86.ActiveCfg = Release|Any CPU
		{9AED22A6-77DC-4799-BAE7-5F26F2070BD2}.Release|x86.Build.0 = Release|Any CPU
	EndGlobalSection
	GlobalSection(SolutionProperties) = preSolution
		HideSolutionNode = FALSE
	EndGlobalSection
	GlobalSection(ExtensibilityGlobals) = postSolution
		SolutionGuid = {C7433AE2-B1A0-4C1A-887E-5CAA7AAF67A6}
	EndGlobalSection
EndGlobal
