Microsoft Visual Studio Solution File, Format Version 12.00
# Visual Studio Version 16
VisualStudioVersion = 16.0.0.0
MinimumVisualStudioVersion = 16.0.0.0
Project("{9A19103F-16F7-4668-BE54-9A1E7A4F7556}") = "robot_web.Server", "Server\robot_web.Server.csproj", "{E8386B36-5040-41E1-A51D-39579B212A8E}"
EndProject
Project("{9A19103F-16F7-4668-BE54-9A1E7A4F7556}") = "robot_web.Client", "Client\robot_web.Client.csproj", "{0836FB10-26C9-43C3-9DD3-09459A6A16DE}"
EndProject
Project("{9A19103F-16F7-4668-BE54-9A1E7A4F7556}") = "robot_web.Shared", "Shared\robot_web.Shared.csproj", "{0A9F9D66-A90A-4BD5-9302-3A259F135869}"
EndProject
Global
	GlobalSection(SolutionConfigurationPlatforms) = preSolution
		Debug|Any CPU = Debug|Any CPU
		Debug|x64 = Debug|x64
		Debug|x86 = Debug|x86
		Release|Any CPU = Release|Any CPU
		Release|x64 = Release|x64
		Release|x86 = Release|x86
	EndGlobalSection
	GlobalSection(ProjectConfigurationPlatforms) = postSolution
		{0836FB10-26C9-43C3-9DD3-09459A6A16DE}.Debug|Any CPU.ActiveCfg = Debug|Any CPU
		{0836FB10-26C9-43C3-9DD3-09459A6A16DE}.Debug|Any CPU.Build.0 = Debug|Any CPU
		{0836FB10-26C9-43C3-9DD3-09459A6A16DE}.Debug|x64.ActiveCfg = Debug|Any CPU
		{0836FB10-26C9-43C3-9DD3-09459A6A16DE}.Debug|x64.Build.0 = Debug|Any CPU
		{0836FB10-26C9-43C3-9DD3-09459A6A16DE}.Debug|x86.ActiveCfg = Debug|Any CPU
		{0836FB10-26C9-43C3-9DD3-09459A6A16DE}.Debug|x86.Build.0 = Debug|Any CPU
		{0836FB10-26C9-43C3-9DD3-09459A6A16DE}.Release|Any CPU.ActiveCfg = Release|Any CPU
		{0836FB10-26C9-43C3-9DD3-09459A6A16DE}.Release|Any CPU.Build.0 = Release|Any CPU
		{0836FB10-26C9-43C3-9DD3-09459A6A16DE}.Release|x64.ActiveCfg = Release|Any CPU
		{0836FB10-26C9-43C3-9DD3-09459A6A16DE}.Release|x64.Build.0 = Release|Any CPU
		{0836FB10-26C9-43C3-9DD3-09459A6A16DE}.Release|x86.ActiveCfg = Release|Any CPU
		{0836FB10-26C9-43C3-9DD3-09459A6A16DE}.Release|x86.Build.0 = Release|Any CPU
		{E8386B36-5040-41E1-A51D-39579B212A8E}.Debug|Any CPU.ActiveCfg = Debug|Any CPU
		{E8386B36-5040-41E1-A51D-39579B212A8E}.Debug|Any CPU.Build.0 = Debug|Any CPU
		{E8386B36-5040-41E1-A51D-39579B212A8E}.Debug|x64.ActiveCfg = Debug|Any CPU
		{E8386B36-5040-41E1-A51D-39579B212A8E}.Debug|x64.Build.0 = Debug|Any CPU
		{E8386B36-5040-41E1-A51D-39579B212A8E}.Debug|x86.ActiveCfg = Debug|Any CPU
		{E8386B36-5040-41E1-A51D-39579B212A8E}.Debug|x86.Build.0 = Debug|Any CPU
		{E8386B36-5040-41E1-A51D-39579B212A8E}.Release|Any CPU.ActiveCfg = Release|Any CPU
		{E8386B36-5040-41E1-A51D-39579B212A8E}.Release|Any CPU.Build.0 = Release|Any CPU
		{E8386B36-5040-41E1-A51D-39579B212A8E}.Release|x64.ActiveCfg = Release|Any CPU
		{E8386B36-5040-41E1-A51D-39579B212A8E}.Release|x64.Build.0 = Release|Any CPU
		{E8386B36-5040-41E1-A51D-39579B212A8E}.Release|x86.ActiveCfg = Release|Any CPU
		{E8386B36-5040-41E1-A51D-39579B212A8E}.Release|x86.Build.0 = Release|Any CPU
		{0A9F9D66-A90A-4BD5-9302-3A259F135869}.Debug|Any CPU.ActiveCfg = Debug|Any CPU
		{0A9F9D66-A90A-4BD5-9302-3A259F135869}.Debug|Any CPU.Build.0 = Debug|Any CPU
		{0A9F9D66-A90A-4BD5-9302-3A259F135869}.Debug|x64.ActiveCfg = Debug|Any CPU
		{0A9F9D66-A90A-4BD5-9302-3A259F135869}.Debug|x64.Build.0 = Debug|Any CPU
		{0A9F9D66-A90A-4BD5-9302-3A259F135869}.Debug|x86.ActiveCfg = Debug|Any CPU
		{0A9F9D66-A90A-4BD5-9302-3A259F135869}.Debug|x86.Build.0 = Debug|Any CPU
		{0A9F9D66-A90A-4BD5-9302-3A259F135869}.Release|Any CPU.ActiveCfg = Release|Any CPU
		{0A9F9D66-A90A-4BD5-9302-3A259F135869}.Release|Any CPU.Build.0 = Release|Any CPU
		{0A9F9D66-A90A-4BD5-9302-3A259F135869}.Release|x64.ActiveCfg = Release|Any CPU
		{0A9F9D66-A90A-4BD5-9302-3A259F135869}.Release|x64.Build.0 = Release|Any CPU
		{0A9F9D66-A90A-4BD5-9302-3A259F135869}.Release|x86.ActiveCfg = Release|Any CPU
		{0A9F9D66-A90A-4BD5-9302-3A259F135869}.Release|x86.Build.0 = Release|Any CPU
	EndGlobalSection
	GlobalSection(SolutionProperties) = preSolution
		HideSolutionNode = FALSE
	EndGlobalSection
	GlobalSection(ExtensibilityGlobals) = postSolution
		SolutionGuid = {3063DF9E-6249-4F44-98C5-191B026071D0}
	EndGlobalSection
EndGlobal